
Microsoft Visual Studio Solution File, Format Version 12.00
# Visual Studio 15
VisualStudioVersion = 15.0.27703.2026
MinimumVisualStudioVersion = 10.0.40219.1
Project("{FAE04EC0-301F-11D3-BF4B-00C04F79EFBC}") = "SetDayLight", "RocrailTools\SetDayLight.csproj", "{1FC26313-0987-4360-8712-4FE1C3669183}"
EndProject
Global
	GlobalSection(SolutionConfigurationPlatforms) = preSolution
		Debug|Any CPU = Debug|Any CPU
		Release|Any CPU = Release|Any CPU
	EndGlobalSection
	GlobalSection(ProjectConfigurationPlatforms) = postSolution
		{1FC26313-0987-4360-8712-4FE1C3669183}.Debug|Any CPU.ActiveCfg = Debug|Any CPU
		{1FC26313-0987-4360-8712-4FE1C3669183}.Debug|Any CPU.Build.0 = Debug|Any CPU
		{1FC26313-0987-4360-8712-4FE1C3669183}.Release|Any CPU.ActiveCfg = Release|Any CPU
		{1FC26313-0987-4360-8712-4FE1C3669183}.Release|Any CPU.Build.0 = Release|Any CPU
	EndGlobalSection
	GlobalSection(SolutionProperties) = preSolution
		HideSolutionNode = FALSE
	EndGlobalSection
	GlobalSection(ExtensibilityGlobals) = postSolution
		SolutionGuid = {3027044A-4720-4269-A016-B6F8C7F5DD56}
	EndGlobalSection
EndGlobal
