
Microsoft Visual Studio Solution File, Format Version 12.00
# Visual Studio 15
VisualStudioVersion = 15.0.27703.2026
MinimumVisualStudioVersion = 10.0.40219.1
Project("{FAE04EC0-301F-11D3-BF4B-00C04F79EFBC}") = "SetDayLight", "RocrailTools\SetDayLight.csproj", "{1FC26313-0987-4360-8712-4FE1C3669183}"
EndProject
Project("{9A19103F-16F7-4668-BE54-9A1E7A4F7556}") = "SetDayLightDotNet", "SetDayLightDotNet\SetDayLightDotNet.csproj", "{5E0CE213-A4EC-418A-8FDB-1D4205FF1CC1}"
EndProject
Project("{2150E333-8FDC-42A3-9474-1A3956D46DE8}") = "BashTools", "BashTools", "{16B9DF79-4B93-49A9-8179-08E42938A0C4}"
	ProjectSection(SolutionItems) = preProject
		BashTools\setdaylight.sh = BashTools\setdaylight.sh
	EndProjectSection
EndProject
Project("{FAE04EC0-301F-11D3-BF4B-00C04F79EFBC}") = "SetIoTSteckdose", "SetIoTSteckdose\SetIoTSteckdose.csproj", "{72D6CC1B-E719-4652-A6A8-D6150F14CDE4}"
EndProject
Project("{2150E333-8FDC-42A3-9474-1A3956D46DE8}") = "3rdparty", "3rdparty", "{24152D42-5816-43A1-83C0-3FC151EFB3C5}"
	ProjectSection(SolutionItems) = preProject
		3rdparty\CommandCam.exe = 3rdparty\CommandCam.exe
		3rdparty\log4net.dll = 3rdparty\log4net.dll
		3rdparty\SuperSocket.ClientEngine.dll = 3rdparty\SuperSocket.ClientEngine.dll
		3rdparty\SuperSocket.Common.dll = 3rdparty\SuperSocket.Common.dll
		3rdparty\SuperSocket.Dlr.dll = 3rdparty\SuperSocket.Dlr.dll
		3rdparty\SuperSocket.Facility.dll = 3rdparty\SuperSocket.Facility.dll
		3rdparty\SuperSocket.ProtoBase.dll = 3rdparty\SuperSocket.ProtoBase.dll
		3rdparty\SuperSocket.SocketBase.dll = 3rdparty\SuperSocket.SocketBase.dll
		3rdparty\SuperSocket.SocketEngine.dll = 3rdparty\SuperSocket.SocketEngine.dll
		3rdparty\SuperWebSocket.dll = 3rdparty\SuperWebSocket.dll
		3rdparty\WebSocket4Net.dll = 3rdparty\WebSocket4Net.dll
	EndProjectSection
EndProject
Project("{FAE04EC0-301F-11D3-BF4B-00C04F79EFBC}") = "Bmp2Png", "Bmp2Png\Bmp2Png.csproj", "{B34D8649-869E-4D52-BA73-46DEEBC20B07}"
EndProject
Global
	GlobalSection(SolutionConfigurationPlatforms) = preSolution
		Debug|Any CPU = Debug|Any CPU
		Release|Any CPU = Release|Any CPU
	EndGlobalSection
	GlobalSection(ProjectConfigurationPlatforms) = postSolution
		{1FC26313-0987-4360-8712-4FE1C3669183}.Debug|Any CPU.ActiveCfg = Debug|Any CPU
		{1FC26313-0987-4360-8712-4FE1C3669183}.Debug|Any CPU.Build.0 = Debug|Any CPU
		{1FC26313-0987-4360-8712-4FE1C3669183}.Release|Any CPU.ActiveCfg = Release|Any CPU
		{1FC26313-0987-4360-8712-4FE1C3669183}.Release|Any CPU.Build.0 = Release|Any CPU
		{5E0CE213-A4EC-418A-8FDB-1D4205FF1CC1}.Debug|Any CPU.ActiveCfg = Debug|Any CPU
		{5E0CE213-A4EC-418A-8FDB-1D4205FF1CC1}.Debug|Any CPU.Build.0 = Debug|Any CPU
		{5E0CE213-A4EC-418A-8FDB-1D4205FF1CC1}.Release|Any CPU.ActiveCfg = Release|Any CPU
		{5E0CE213-A4EC-418A-8FDB-1D4205FF1CC1}.Release|Any CPU.Build.0 = Release|Any CPU
		{72D6CC1B-E719-4652-A6A8-D6150F14CDE4}.Debug|Any CPU.ActiveCfg = Debug|Any CPU
		{72D6CC1B-E719-4652-A6A8-D6150F14CDE4}.Debug|Any CPU.Build.0 = Debug|Any CPU
		{72D6CC1B-E719-4652-A6A8-D6150F14CDE4}.Release|Any CPU.ActiveCfg = Release|Any CPU
		{72D6CC1B-E719-4652-A6A8-D6150F14CDE4}.Release|Any CPU.Build.0 = Release|Any CPU
		{B34D8649-869E-4D52-BA73-46DEEBC20B07}.Debug|Any CPU.ActiveCfg = Debug|Any CPU
		{B34D8649-869E-4D52-BA73-46DEEBC20B07}.Debug|Any CPU.Build.0 = Debug|Any CPU
		{B34D8649-869E-4D52-BA73-46DEEBC20B07}.Release|Any CPU.ActiveCfg = Release|Any CPU
		{B34D8649-869E-4D52-BA73-46DEEBC20B07}.Release|Any CPU.Build.0 = Release|Any CPU
	EndGlobalSection
	GlobalSection(SolutionProperties) = preSolution
		HideSolutionNode = FALSE
	EndGlobalSection
	GlobalSection(ExtensibilityGlobals) = postSolution
		SolutionGuid = {3027044A-4720-4269-A016-B6F8C7F5DD56}
	EndGlobalSection
EndGlobal
