
Microsoft Visual Studio Solution File, Format Version 12.00
# Visual Studio 15
VisualStudioVersion = 15.0.26430.15
MinimumVisualStudioVersion = 10.0.40219.1
Project("{2150E333-8FDC-42A3-9474-1A3956D46DE8}") = "Templates", "Templates", "{C8705CCB-F5B8-43F0-8510-E4AA93B3CCE2}"
EndProject
Project("{FAE04EC0-301F-11D3-BF4B-00C04F79EFBC}") = "RailwayEssential", "RailwayEssential\RailwayEssential.csproj", "{91DEFD46-D645-45F6-BEBA-8417A4E56A40}"
EndProject
Project("{FAE04EC0-301F-11D3-BF4B-00C04F79EFBC}") = "RailwayControl", "RailwayEssential\Templates\RailwayControl\RailwayControl.csproj", "{15405881-A35F-437E-9D2D-22DFDDBC3C11}"
EndProject
Project("{FAE04EC0-301F-11D3-BF4B-00C04F79EFBC}") = "Ecos2Core", "Ecos2Core\Ecos2Core.csproj", "{5E022579-45A1-4E6F-94DB-1C88E089030D}"
EndProject
Project("{FAE04EC0-301F-11D3-BF4B-00C04F79EFBC}") = "Ecos2CoreTest", "Ecos2CoreTest\Ecos2CoreTest.csproj", "{24656E28-71BE-49C8-86FD-743631174C9F}"
EndProject
Project("{FAE04EC0-301F-11D3-BF4B-00C04F79EFBC}") = "Communicator", "Communicator\Communicator.csproj", "{8C4A1922-3BAB-4F3E-B5A4-3FB906F97BC2}"
EndProject
Project("{FAE04EC0-301F-11D3-BF4B-00C04F79EFBC}") = "CommunicatorTest", "CommunicatorTest\CommunicatorTest.csproj", "{D79C1180-3D72-4112-846A-DA2D2EAE0E51}"
EndProject
Global
	GlobalSection(SolutionConfigurationPlatforms) = preSolution
		Debug|Any CPU = Debug|Any CPU
		Release|Any CPU = Release|Any CPU
	EndGlobalSection
	GlobalSection(ProjectConfigurationPlatforms) = postSolution
		{91DEFD46-D645-45F6-BEBA-8417A4E56A40}.Debug|Any CPU.ActiveCfg = Debug|Any CPU
		{91DEFD46-D645-45F6-BEBA-8417A4E56A40}.Debug|Any CPU.Build.0 = Debug|Any CPU
		{91DEFD46-D645-45F6-BEBA-8417A4E56A40}.Release|Any CPU.ActiveCfg = Release|Any CPU
		{91DEFD46-D645-45F6-BEBA-8417A4E56A40}.Release|Any CPU.Build.0 = Release|Any CPU
		{15405881-A35F-437E-9D2D-22DFDDBC3C11}.Debug|Any CPU.ActiveCfg = Debug|Any CPU
		{15405881-A35F-437E-9D2D-22DFDDBC3C11}.Debug|Any CPU.Build.0 = Debug|Any CPU
		{15405881-A35F-437E-9D2D-22DFDDBC3C11}.Release|Any CPU.ActiveCfg = Release|Any CPU
		{15405881-A35F-437E-9D2D-22DFDDBC3C11}.Release|Any CPU.Build.0 = Release|Any CPU
		{5E022579-45A1-4E6F-94DB-1C88E089030D}.Debug|Any CPU.ActiveCfg = Debug|Any CPU
		{5E022579-45A1-4E6F-94DB-1C88E089030D}.Debug|Any CPU.Build.0 = Debug|Any CPU
		{5E022579-45A1-4E6F-94DB-1C88E089030D}.Release|Any CPU.ActiveCfg = Release|Any CPU
		{5E022579-45A1-4E6F-94DB-1C88E089030D}.Release|Any CPU.Build.0 = Release|Any CPU
		{24656E28-71BE-49C8-86FD-743631174C9F}.Debug|Any CPU.ActiveCfg = Debug|Any CPU
		{24656E28-71BE-49C8-86FD-743631174C9F}.Debug|Any CPU.Build.0 = Debug|Any CPU
		{24656E28-71BE-49C8-86FD-743631174C9F}.Release|Any CPU.ActiveCfg = Release|Any CPU
		{24656E28-71BE-49C8-86FD-743631174C9F}.Release|Any CPU.Build.0 = Release|Any CPU
		{8C4A1922-3BAB-4F3E-B5A4-3FB906F97BC2}.Debug|Any CPU.ActiveCfg = Debug|Any CPU
		{8C4A1922-3BAB-4F3E-B5A4-3FB906F97BC2}.Debug|Any CPU.Build.0 = Debug|Any CPU
		{8C4A1922-3BAB-4F3E-B5A4-3FB906F97BC2}.Release|Any CPU.ActiveCfg = Release|Any CPU
		{8C4A1922-3BAB-4F3E-B5A4-3FB906F97BC2}.Release|Any CPU.Build.0 = Release|Any CPU
		{D79C1180-3D72-4112-846A-DA2D2EAE0E51}.Debug|Any CPU.ActiveCfg = Debug|Any CPU
		{D79C1180-3D72-4112-846A-DA2D2EAE0E51}.Debug|Any CPU.Build.0 = Debug|Any CPU
		{D79C1180-3D72-4112-846A-DA2D2EAE0E51}.Release|Any CPU.ActiveCfg = Release|Any CPU
		{D79C1180-3D72-4112-846A-DA2D2EAE0E51}.Release|Any CPU.Build.0 = Release|Any CPU
	EndGlobalSection
	GlobalSection(SolutionProperties) = preSolution
		HideSolutionNode = FALSE
	EndGlobalSection
	GlobalSection(NestedProjects) = preSolution
		{15405881-A35F-437E-9D2D-22DFDDBC3C11} = {C8705CCB-F5B8-43F0-8510-E4AA93B3CCE2}
	EndGlobalSection
EndGlobal
