
Microsoft Visual Studio Solution File, Format Version 12.00
# Visual Studio 14
VisualStudioVersion = 14.0.25420.1
MinimumVisualStudioVersion = 10.0.40219.1
Project("{FAE04EC0-301F-11D3-BF4B-00C04F79EFBC}") = "RailwayEssential", "RailwayEssential\RailwayEssential.csproj", "{91DEFD46-D645-45F6-BEBA-8417A4E56A40}"
EndProject
Project("{2150E333-8FDC-42A3-9474-1A3956D46DE8}") = "Templates", "Templates", "{C8705CCB-F5B8-43F0-8510-E4AA93B3CCE2}"
EndProject
Project("{FAE04EC0-301F-11D3-BF4B-00C04F79EFBC}") = "RailwayControl", "RailwayEssential\Templates\RailwayControl\RailwayControl.csproj", "{15405881-A35F-437E-9D2D-22DFDDBC3C11}"
EndProject
Project("{FAE04EC0-301F-11D3-BF4B-00C04F79EFBC}") = "Ecos2Core", "Ecos2Core\Ecos2Core.csproj", "{1777A94D-4423-4726-BEAA-B7730B14F41E}"
EndProject
Project("{FAE04EC0-301F-11D3-BF4B-00C04F79EFBC}") = "Ecos2CoreTest", "Ecos2CoreTest\Ecos2CoreTest.csproj", "{14D349AD-CE24-44D6-A6B5-341E1E7D3581}"
EndProject
Project("{2150E333-8FDC-42A3-9474-1A3956D46DE8}") = "Documents", "Documents", "{4DB1A837-85F1-4162-8E1F-085CB4DBC7A4}"
	ProjectSection(SolutionItems) = preProject
		Documents\ESU-ECOS-Command-Execution.odt = Documents\ESU-ECOS-Command-Execution.odt
		Documents\ESU-ECOS-Commands.odt = Documents\ESU-ECOS-Commands.odt
	EndProjectSection
EndProject
Global
	GlobalSection(SolutionConfigurationPlatforms) = preSolution
		Debug|Any CPU = Debug|Any CPU
		Release|Any CPU = Release|Any CPU
	EndGlobalSection
	GlobalSection(ProjectConfigurationPlatforms) = postSolution
		{91DEFD46-D645-45F6-BEBA-8417A4E56A40}.Debug|Any CPU.ActiveCfg = Debug|Any CPU
		{91DEFD46-D645-45F6-BEBA-8417A4E56A40}.Debug|Any CPU.Build.0 = Debug|Any CPU
		{91DEFD46-D645-45F6-BEBA-8417A4E56A40}.Release|Any CPU.ActiveCfg = Release|Any CPU
		{91DEFD46-D645-45F6-BEBA-8417A4E56A40}.Release|Any CPU.Build.0 = Release|Any CPU
		{15405881-A35F-437E-9D2D-22DFDDBC3C11}.Debug|Any CPU.ActiveCfg = Debug|Any CPU
		{15405881-A35F-437E-9D2D-22DFDDBC3C11}.Debug|Any CPU.Build.0 = Debug|Any CPU
		{15405881-A35F-437E-9D2D-22DFDDBC3C11}.Release|Any CPU.ActiveCfg = Release|Any CPU
		{15405881-A35F-437E-9D2D-22DFDDBC3C11}.Release|Any CPU.Build.0 = Release|Any CPU
		{1777A94D-4423-4726-BEAA-B7730B14F41E}.Debug|Any CPU.ActiveCfg = Debug|Any CPU
		{1777A94D-4423-4726-BEAA-B7730B14F41E}.Debug|Any CPU.Build.0 = Debug|Any CPU
		{1777A94D-4423-4726-BEAA-B7730B14F41E}.Release|Any CPU.ActiveCfg = Release|Any CPU
		{1777A94D-4423-4726-BEAA-B7730B14F41E}.Release|Any CPU.Build.0 = Release|Any CPU
		{14D349AD-CE24-44D6-A6B5-341E1E7D3581}.Debug|Any CPU.ActiveCfg = Debug|Any CPU
		{14D349AD-CE24-44D6-A6B5-341E1E7D3581}.Debug|Any CPU.Build.0 = Debug|Any CPU
		{14D349AD-CE24-44D6-A6B5-341E1E7D3581}.Release|Any CPU.ActiveCfg = Release|Any CPU
		{14D349AD-CE24-44D6-A6B5-341E1E7D3581}.Release|Any CPU.Build.0 = Release|Any CPU
	EndGlobalSection
	GlobalSection(SolutionProperties) = preSolution
		HideSolutionNode = FALSE
	EndGlobalSection
	GlobalSection(NestedProjects) = preSolution
		{15405881-A35F-437E-9D2D-22DFDDBC3C11} = {C8705CCB-F5B8-43F0-8510-E4AA93B3CCE2}
	EndGlobalSection
EndGlobal
